
Microsoft Visual Studio Solution File, Format Version 12.00
# Visual Studio 15
VisualStudioVersion = 15.0.27703.2026
MinimumVisualStudioVersion = 10.0.40219.1
Project("{FAE04EC0-301F-11D3-BF4B-00C04F79EFBC}") = "TestTask.Web", "src\TestTask.Web\TestTask.Web.csproj", "{827C440E-5E55-478D-9640-C2BCE74CB92A}"
EndProject
Global
	GlobalSection(SolutionConfigurationPlatforms) = preSolution
		Debug|Any CPU = Debug|Any CPU
		Release|Any CPU = Release|Any CPU
	EndGlobalSection
	GlobalSection(ProjectConfigurationPlatforms) = postSolution
		{827C440E-5E55-478D-9640-C2BCE74CB92A}.Debug|Any CPU.ActiveCfg = Debug|Any CPU
		{827C440E-5E55-478D-9640-C2BCE74CB92A}.Debug|Any CPU.Build.0 = Debug|Any CPU
		{827C440E-5E55-478D-9640-C2BCE74CB92A}.Release|Any CPU.ActiveCfg = Release|Any CPU
		{827C440E-5E55-478D-9640-C2BCE74CB92A}.Release|Any CPU.Build.0 = Release|Any CPU
	EndGlobalSection
	GlobalSection(SolutionProperties) = preSolution
		HideSolutionNode = FALSE
	EndGlobalSection
	GlobalSection(ExtensibilityGlobals) = postSolution
		SolutionGuid = {B5757AD8-03A8-4E87-897C-7D8C72BFB668}
	EndGlobalSection
EndGlobal
